
Microsoft Visual Studio Solution File, Format Version 12.00
# Visual Studio 15
VisualStudioVersion = 15.0.26124.0
MinimumVisualStudioVersion = 15.0.26124.0
Project("{FAE04EC0-301F-11D3-BF4B-00C04F79EFBC}") = "Units", "Package\Units.csproj", "{C6624ADE-8741-4852-8641-99E21526C9A0}"
EndProject
Project("{FAE04EC0-301F-11D3-BF4B-00C04F79EFBC}") = "Test", "Test\Test.csproj", "{B85BA7A5-758C-44B2-AD63-23C1EA23DEE9}"
EndProject
Global
	GlobalSection(SolutionConfigurationPlatforms) = preSolution
		Debug|Any CPU = Debug|Any CPU
		Debug|x64 = Debug|x64
		Debug|x86 = Debug|x86
		Release|Any CPU = Release|Any CPU
		Release|x64 = Release|x64
		Release|x86 = Release|x86
	EndGlobalSection
	GlobalSection(SolutionProperties) = preSolution
		HideSolutionNode = FALSE
	EndGlobalSection
	GlobalSection(ProjectConfigurationPlatforms) = postSolution
		{C6624ADE-8741-4852-8641-99E21526C9A0}.Debug|Any CPU.ActiveCfg = Debug|Any CPU
		{C6624ADE-8741-4852-8641-99E21526C9A0}.Debug|Any CPU.Build.0 = Debug|Any CPU
		{C6624ADE-8741-4852-8641-99E21526C9A0}.Debug|x64.ActiveCfg = Debug|Any CPU
		{C6624ADE-8741-4852-8641-99E21526C9A0}.Debug|x64.Build.0 = Debug|Any CPU
		{C6624ADE-8741-4852-8641-99E21526C9A0}.Debug|x86.ActiveCfg = Debug|Any CPU
		{C6624ADE-8741-4852-8641-99E21526C9A0}.Debug|x86.Build.0 = Debug|Any CPU
		{C6624ADE-8741-4852-8641-99E21526C9A0}.Release|Any CPU.ActiveCfg = Release|Any CPU
		{C6624ADE-8741-4852-8641-99E21526C9A0}.Release|Any CPU.Build.0 = Release|Any CPU
		{C6624ADE-8741-4852-8641-99E21526C9A0}.Release|x64.ActiveCfg = Release|Any CPU
		{C6624ADE-8741-4852-8641-99E21526C9A0}.Release|x64.Build.0 = Release|Any CPU
		{C6624ADE-8741-4852-8641-99E21526C9A0}.Release|x86.ActiveCfg = Release|Any CPU
		{C6624ADE-8741-4852-8641-99E21526C9A0}.Release|x86.Build.0 = Release|Any CPU
		{B85BA7A5-758C-44B2-AD63-23C1EA23DEE9}.Debug|Any CPU.ActiveCfg = Debug|Any CPU
		{B85BA7A5-758C-44B2-AD63-23C1EA23DEE9}.Debug|Any CPU.Build.0 = Debug|Any CPU
		{B85BA7A5-758C-44B2-AD63-23C1EA23DEE9}.Debug|x64.ActiveCfg = Debug|Any CPU
		{B85BA7A5-758C-44B2-AD63-23C1EA23DEE9}.Debug|x64.Build.0 = Debug|Any CPU
		{B85BA7A5-758C-44B2-AD63-23C1EA23DEE9}.Debug|x86.ActiveCfg = Debug|Any CPU
		{B85BA7A5-758C-44B2-AD63-23C1EA23DEE9}.Debug|x86.Build.0 = Debug|Any CPU
		{B85BA7A5-758C-44B2-AD63-23C1EA23DEE9}.Release|Any CPU.ActiveCfg = Release|Any CPU
		{B85BA7A5-758C-44B2-AD63-23C1EA23DEE9}.Release|Any CPU.Build.0 = Release|Any CPU
		{B85BA7A5-758C-44B2-AD63-23C1EA23DEE9}.Release|x64.ActiveCfg = Release|Any CPU
		{B85BA7A5-758C-44B2-AD63-23C1EA23DEE9}.Release|x64.Build.0 = Release|Any CPU
		{B85BA7A5-758C-44B2-AD63-23C1EA23DEE9}.Release|x86.ActiveCfg = Release|Any CPU
		{B85BA7A5-758C-44B2-AD63-23C1EA23DEE9}.Release|x86.Build.0 = Release|Any CPU
	EndGlobalSection
EndGlobal
